
Microsoft Visual Studio Solution File, Format Version 12.00
# Visual Studio Version 16
VisualStudioVersion = 16.0.30717.126
MinimumVisualStudioVersion = 10.0.40219.1
Project("{FAE04EC0-301F-11D3-BF4B-00C04F79EFBC}") = "CalcOOPApp", "CalcOOPApp.csproj", "{623C8165-7169-423A-B4D2-8A235270AF6C}"
EndProject
Global
	GlobalSection(SolutionConfigurationPlatforms) = preSolution
		Debug|Any CPU = Debug|Any CPU
		Release|Any CPU = Release|Any CPU
	EndGlobalSection
	GlobalSection(ProjectConfigurationPlatforms) = postSolution
		{623C8165-7169-423A-B4D2-8A235270AF6C}.Debug|Any CPU.ActiveCfg = Debug|Any CPU
		{623C8165-7169-423A-B4D2-8A235270AF6C}.Debug|Any CPU.Build.0 = Debug|Any CPU
		{623C8165-7169-423A-B4D2-8A235270AF6C}.Release|Any CPU.ActiveCfg = Release|Any CPU
		{623C8165-7169-423A-B4D2-8A235270AF6C}.Release|Any CPU.Build.0 = Release|Any CPU
	EndGlobalSection
	GlobalSection(SolutionProperties) = preSolution
		HideSolutionNode = FALSE
	EndGlobalSection
	GlobalSection(ExtensibilityGlobals) = postSolution
		SolutionGuid = {64A6C42A-2C3F-4406-82F4-DEC61B95D3D1}
	EndGlobalSection
EndGlobal
